// !$*UTF8*$!
{
	archiveVersion = 1;
	classes = {
	};
	objectVersion = 56;
	objects = {

/* Begin PBXBuildFile section */
		E361F51DBA3B42A9BCCA83B3 /* Sources in MoneyCity */ = {isa = PBXBuildFile; fileRef = 130376982C46451C8957ECE3; };
		27E95F8F39BD4DF59CCF7078 /* Sources in MoneyCity */ = {isa = PBXBuildFile; fileRef = 646559B4B7FB41DAADEF54E8; };
		FFA29403622D4EC3BD30AD8F /* Sources in MoneyCity */ = {isa = PBXBuildFile; fileRef = 59E79BBBA42C4D21B36016B8; };
		2779BC6F55F84D1BB5EADBCB /* Sources in MoneyCity */ = {isa = PBXBuildFile; fileRef = EB77CCB815DE40FD93FA4998; };
		84EB0FEE82274F6E99EBC0CF /* Sources in MoneyCity */ = {isa = PBXBuildFile; fileRef = 6DF440B3370344AEA4CC1462; };
		8664817FD62A44F8B12360A6 /* Sources in MoneyCity */ = {isa = PBXBuildFile; fileRef = CE03643E80434CEB92318722; };
		9F8BC772901D405E8E731EAD /* Sources in MoneyCity */ = {isa = PBXBuildFile; fileRef = F078D24F645B43E2AEB276BC; };
		3C26781642E448838F140203 /* Sources in MoneyCity */ = {isa = PBXBuildFile; fileRef = 4D157A0FFC2F4E66AC88F038; };
		17FFC7A36FE04A07827705E9 /* Sources in MoneyCity */ = {isa = PBXBuildFile; fileRef = 7F167CEF00AD442EB996AB00; };
		C31ADD2834EC471D8B612ECA /* Sources in MoneyCity */ = {isa = PBXBuildFile; fileRef = F627843E5F11438D9245316F; };
		A8F58EA88D20405D9F3EE4ED /* Sources in MoneyCity */ = {isa = PBXBuildFile; fileRef = CFE1BDF6B0814069A12E2DC4; };
		B2F6B5ACC6D043CABFA98DD0 /* Sources in MoneyCity */ = {isa = PBXBuildFile; fileRef = 34A91D9966224DAF91640EC2; };
		1CBFBDD2AA0D46BCB4074EE2 /* Sources in MoneyCity */ = {isa = PBXBuildFile; fileRef = 0BADB0BD63264210A5009DF7; };
		FDAC8E1F7B10473BA329E9D5 /* Sources in MoneyCity */ = {isa = PBXBuildFile; fileRef = 72E1DD5A8AC84303A1A386B8; };
		9DE555709CCC42D4B53D3BE8 /* Sources in MoneyCity */ = {isa = PBXBuildFile; fileRef = 3BD393BBDE03441084C65631; };
		4DC59EEC4D014A80A102B983 /* Sources in MoneyCity */ = {isa = PBXBuildFile; fileRef = 476D633441D94C68B4A3230F; };
		EDC75BE570874374AB15ECE3 /* Sources in MoneyCity */ = {isa = PBXBuildFile; fileRef = 6BADB1ABB6364003BDA8E30C; };
		C5A6EC9DD62F411D8E24515F /* Sources in MoneyCity */ = {isa = PBXBuildFile; fileRef = 71CFD693DDE14271BA7B6DF8; };
		DAD9CBB0999046D3AB1E3E70 /* Sources in MoneyCity */ = {isa = PBXBuildFile; fileRef = 9A00137AFFC74C9A821FDBE7; };
		178D3A5AF86B4B70B4B88BE6 /* Sources in MoneyCity */ = {isa = PBXBuildFile; fileRef = 7702B99AF5D44BE08FFDFF17; };
		87B972BB184C4ECB990F08A0 /* Sources in MoneyCity */ = {isa = PBXBuildFile; fileRef = 2E1E5339F15449D9AC6D117E; };
		39FC17A9368D42959B50A3E2 /* Sources in MoneyCity */ = {isa = PBXBuildFile; fileRef = 339CBF2BE9D9493DBCFA7A09; };
		72BE204EF2E8458A8E4E1477 /* Sources in MoneyCity */ = {isa = PBXBuildFile; fileRef = FD01087690CB4FBD8E2179E1; };
		013A3C5E365140D9B1A00F90 /* Sources in MoneyCity */ = {isa = PBXBuildFile; fileRef = 47F91B7BD4084A1E9E36CB5B; };
		628F7B9C08204E38A251CBC1 /* Sources in MoneyCity */ = {isa = PBXBuildFile; fileRef = B1CA18C8857640BEB14CD579; };
		60C2B0E95E2A43BD916CF8F1 /* Sources in MoneyCity */ = {isa = PBXBuildFile; fileRef = 2F0E0A8567084F4388B6EBE1; };
		3618BD0A8EA8415580543005 /* Sources in MoneyCity */ = {isa = PBXBuildFile; fileRef = B7120A2FDE284D44B2561DAC; };
		687E9CA372644CC4ADDF3C3A /* Sources in MoneyCity */ = {isa = PBXBuildFile; fileRef = 7673B5A7947C442C82186759; };
		083F6687C47F45C4ADE16F0A /* Sources in MoneyCity */ = {isa = PBXBuildFile; fileRef = 8EDEDC2C9068472E9A09C100; };
		8116C71ED1344AFD812BF7D6 /* Sources in MoneyCity */ = {isa = PBXBuildFile; fileRef = D8315695D33E413F8CD3A3EC; };
		022B5811C7BB412B81AA5578 /* Sources in MoneyCity */ = {isa = PBXBuildFile; fileRef = 06877C9F371B408CAA211938; };
		351819E84C8F4B48B31FF1E9 /* Sources in MoneyCity */ = {isa = PBXBuildFile; fileRef = 79AFB2F2E4214C78A9FB3CF2; };
		619ED64E53AC44D2A89615ED /* Sources in MoneyCity */ = {isa = PBXBuildFile; fileRef = D0F94697219944BC9957118B; };
		7BF296BFA33543039DDF5C54 /* Sources in MoneyCity */ = {isa = PBXBuildFile; fileRef = 704CD24DA05441F19C8FA346; };
		A75CCBB65D53413E810B49FC /* Sources in MoneyCity */ = {isa = PBXBuildFile; fileRef = 996FAB85220C4659A05A7759; };
		F45377D258694C25A532C173 /* Sources in MoneyCity */ = {isa = PBXBuildFile; fileRef = 8F6C6C63A5494B8B8F1B1CF2; };
		AF82FCD6260A4B03B287C86B /* Sources in MoneyCity */ = {isa = PBXBuildFile; fileRef = 664C24DA9F104280A6530207; };
		44B9A4F3EFE0466891A1D250 /* Sources in MoneyCity */ = {isa = PBXBuildFile; fileRef = B98FABD41F0548E78BD78075; };
		93F5195646B94B64935550AC /* Sources in MoneyCity */ = {isa = PBXBuildFile; fileRef = E3EABD2BCD8348108C73B1F1; };
		38070B4F126C495A91068C10 /* Sources in MoneyCity */ = {isa = PBXBuildFile; fileRef = 8DFF5187199240288C01FAE9; };
		6A07F86B7323426084D48098 /* Sources in MoneyCity */ = {isa = PBXBuildFile; fileRef = AD5382E682CE486FBB98CDC9; };
		6DF3BA70A6B84BE28A142A83 /* Sources in MoneyCity */ = {isa = PBXBuildFile; fileRef = 8DE968C246FB4BC982E73181; };
		FF9293AE0D3D47D6A00F1541 /* Sources in MoneyCity */ = {isa = PBXBuildFile; fileRef = 12BA28AF04454947B49A3D63; };
		BDF45B4DE41C4C15843FDDF8 /* Sources in MoneyCity */ = {isa = PBXBuildFile; fileRef = 4154F3CBCA72488E81F74A84; };
		219E8E7DF05A45CA8D351170 /* Sources in MoneyCity */ = {isa = PBXBuildFile; fileRef = 71E8BBE642814D6E9C30A900; };
		9392A46B281A4D09B7AAC19B /* Sources in MoneyCity */ = {isa = PBXBuildFile; fileRef = 0F3F0AC837AC44F38869C2F5; };
		F04B6E6FED6743B2BA74FD19 /* Sources in MoneyCity */ = {isa = PBXBuildFile; fileRef = 3808B0FFF6DA4558A6CB68F5; };
		561363284D504B27B061612A /* Sources in MoneyCity */ = {isa = PBXBuildFile; fileRef = E3C1869CA93C4FDFA1A67FBA; };
		449DC5BC142F4EC4B00B88E0 /* Sources in MoneyCity */ = {isa = PBXBuildFile; fileRef = EBE100C3CE854C78BF0BAA78; };
		34EB7FDCADEB4B35B965BB6E /* Sources in MoneyCity */ = {isa = PBXBuildFile; fileRef = D51C5BBDE9FA453194D509F1; };
		CA6B35B9E12744E5B6F0259B /* Sources in MoneyCity */ = {isa = PBXBuildFile; fileRef = 475110B82EA44E889C6F2189; };
		CABBAA069AE2479B9A9A021E /* Sources in MoneyCity */ = {isa = PBXBuildFile; fileRef = 543FFB857B9B4D8E943C4B59; };
		08F0EF7F164F48BB9461C0FB /* Sources in MoneyCity */ = {isa = PBXBuildFile; fileRef = 3DC73C64E897422F9E184BD5; };
		C738E33C3C964C1FB41CE75E /* Sources in MoneyCity */ = {isa = PBXBuildFile; fileRef = 2471C969E9D14D10973A2888; };
		80C99485606F46F2899A7389 /* Sources in MoneyCity */ = {isa = PBXBuildFile; fileRef = 20387641FFB64BDA9504830B; };
		8CAACD6DBB724F569F6044B1 /* Sources in MoneyCity */ = {isa = PBXBuildFile; fileRef = F566C7C8ADF140ABBFB9F2A0; };
		9D0B61504ECA4BFB8D75A346 /* Resources in MoneyCity */ = {isa = PBXBuildFile; fileRef = 3770EF1FBF49462E9950DCD6; };
		75DCFB40489A4212A1C275FC /* Resources in MoneyCity */ = {isa = PBXBuildFile; fileRef = BBE5ADECABCE400D99E9E5FB; };
		8DD1D32E07854C37873078F8 /* Resources in MoneyCity */ = {isa = PBXBuildFile; fileRef = 2CBCBE04A7F24D54B468F9BF; };
/* End PBXBuildFile section */

/* Begin PBXFileReference section */
		084C9FBEB23B48BF855CE35B /* MoneyCity.app */ = {isa = PBXFileReference; explicitFileType = wrapper.application; includeInIndex = 0; path = MoneyCity.app; sourceTree = BUILT_PRODUCTS_DIR; };
		130376982C46451C8957ECE3 /* MoneyCityApp.swift */ = {isa = PBXFileReference; lastKnownFileType = sourcecode.swift; name = "MoneyCityApp.swift"; path = "MoneyCity/MoneyCityApp.swift"; sourceTree = "<group>"; };
		646559B4B7FB41DAADEF54E8 /* MoneyCityWidgets.swift */ = {isa = PBXFileReference; lastKnownFileType = sourcecode.swift; name = "MoneyCityWidgets.swift"; path = "MoneyCity/MoneyCityWidgets.swift"; sourceTree = "<group>"; };
		59E79BBBA42C4D21B36016B8 /* BuildingTile.swift */ = {isa = PBXFileReference; lastKnownFileType = sourcecode.swift; name = "BuildingTile.swift"; path = "MoneyCity/Models/BuildingTile.swift"; sourceTree = "<group>"; };
		EB77CCB815DE40FD93FA4998 /* CategoryBudget.swift */ = {isa = PBXFileReference; lastKnownFileType = sourcecode.swift; name = "CategoryBudget.swift"; path = "MoneyCity/Models/CategoryBudget.swift"; sourceTree = "<group>"; };
		6DF440B3370344AEA4CC1462 /* CityEnrichment.swift */ = {isa = PBXFileReference; lastKnownFileType = sourcecode.swift; name = "CityEnrichment.swift"; path = "MoneyCity/Models/CityEnrichment.swift"; sourceTree = "<group>"; };
		CE03643E80434CEB92318722 /* CitySlot.swift */ = {isa = PBXFileReference; lastKnownFileType = sourcecode.swift; name = "CitySlot.swift"; path = "MoneyCity/Models/CitySlot.swift"; sourceTree = "<group>"; };
		F078D24F645B43E2AEB276BC /* IncomeSource.swift */ = {isa = PBXFileReference; lastKnownFileType = sourcecode.swift; name = "IncomeSource.swift"; path = "MoneyCity/Models/IncomeSource.swift"; sourceTree = "<group>"; };
		4D157A0FFC2F4E66AC88F038 /* IngestLogEntry.swift */ = {isa = PBXFileReference; lastKnownFileType = sourcecode.swift; name = "IngestLogEntry.swift"; path = "MoneyCity/Models/IngestLogEntry.swift"; sourceTree = "<group>"; };
		7F167CEF00AD442EB996AB00 /* InstallmentPlan.swift */ = {isa = PBXFileReference; lastKnownFileType = sourcecode.swift; name = "InstallmentPlan.swift"; path = "MoneyCity/Models/InstallmentPlan.swift"; sourceTree = "<group>"; };
		F627843E5F11438D9245316F /* LocalizationManager.swift */ = {isa = PBXFileReference; lastKnownFileType = sourcecode.swift; name = "LocalizationManager.swift"; path = "MoneyCity/Models/LocalizationManager.swift"; sourceTree = "<group>"; };
		CFE1BDF6B0814069A12E2DC4 /* MerchantRule.swift */ = {isa = PBXFileReference; lastKnownFileType = sourcecode.swift; name = "MerchantRule.swift"; path = "MoneyCity/Models/MerchantRule.swift"; sourceTree = "<group>"; };
		34A91D9966224DAF91640EC2 /* MonthlyCity.swift */ = {isa = PBXFileReference; lastKnownFileType = sourcecode.swift; name = "MonthlyCity.swift"; path = "MoneyCity/Models/MonthlyCity.swift"; sourceTree = "<group>"; };
		0BADB0BD63264210A5009DF7 /* RecurringExpense.swift */ = {isa = PBXFileReference; lastKnownFileType = sourcecode.swift; name = "RecurringExpense.swift"; path = "MoneyCity/Models/RecurringExpense.swift"; sourceTree = "<group>"; };
		72E1DD5A8AC84303A1A386B8 /* SavingsGoal.swift */ = {isa = PBXFileReference; lastKnownFileType = sourcecode.swift; name = "SavingsGoal.swift"; path = "MoneyCity/Models/SavingsGoal.swift"; sourceTree = "<group>"; };
		3BD393BBDE03441084C65631 /* SpendingCategory.swift */ = {isa = PBXFileReference; lastKnownFileType = sourcecode.swift; name = "SpendingCategory.swift"; path = "MoneyCity/Models/SpendingCategory.swift"; sourceTree = "<group>"; };
		476D633441D94C68B4A3230F /* Theme.swift */ = {isa = PBXFileReference; lastKnownFileType = sourcecode.swift; name = "Theme.swift"; path = "MoneyCity/Models/Theme.swift"; sourceTree = "<group>"; };
		6BADB1ABB6364003BDA8E30C /* Transaction.swift */ = {isa = PBXFileReference; lastKnownFileType = sourcecode.swift; name = "Transaction.swift"; path = "MoneyCity/Models/Transaction.swift"; sourceTree = "<group>"; };
		71CFD693DDE14271BA7B6DF8 /* LogWalletPaymentIntent.swift */ = {isa = PBXFileReference; lastKnownFileType = sourcecode.swift; name = "LogWalletPaymentIntent.swift"; path = "MoneyCity/Intents/LogWalletPaymentIntent.swift"; sourceTree = "<group>"; };
		9A00137AFFC74C9A821FDBE7 /* MoneyCityShortcuts.swift */ = {isa = PBXFileReference; lastKnownFileType = sourcecode.swift; name = "MoneyCityShortcuts.swift"; path = "MoneyCity/Intents/MoneyCityShortcuts.swift"; sourceTree = "<group>"; };
		7702B99AF5D44BE08FFDFF17 /* RecordTransactionIntent.swift */ = {isa = PBXFileReference; lastKnownFileType = sourcecode.swift; name = "RecordTransactionIntent.swift"; path = "MoneyCity/Intents/RecordTransactionIntent.swift"; sourceTree = "<group>"; };
		2E1E5339F15449D9AC6D117E /* ScanReceiptIntent.swift */ = {isa = PBXFileReference; lastKnownFileType = sourcecode.swift; name = "ScanReceiptIntent.swift"; path = "MoneyCity/Intents/ScanReceiptIntent.swift"; sourceTree = "<group>"; };
		339CBF2BE9D9493DBCFA7A09 /* AnalyticsView.swift */ = {isa = PBXFileReference; lastKnownFileType = sourcecode.swift; name = "AnalyticsView.swift"; path = "MoneyCity/Views/AnalyticsView.swift"; sourceTree = "<group>"; };
		FD01087690CB4FBD8E2179E1 /* HistoryView.swift */ = {isa = PBXFileReference; lastKnownFileType = sourcecode.swift; name = "HistoryView.swift"; path = "MoneyCity/Views/HistoryView.swift"; sourceTree = "<group>"; };
		47F91B7BD4084A1E9E36CB5B /* MainCityView.swift */ = {isa = PBXFileReference; lastKnownFileType = sourcecode.swift; name = "MainCityView.swift"; path = "MoneyCity/Views/MainCityView.swift"; sourceTree = "<group>"; };
		B1CA18C8857640BEB14CD579 /* ProfileView.swift */ = {isa = PBXFileReference; lastKnownFileType = sourcecode.swift; name = "ProfileView.swift"; path = "MoneyCity/Views/ProfileView.swift"; sourceTree = "<group>"; };
		2F0E0A8567084F4388B6EBE1 /* BudgetSheet.swift */ = {isa = PBXFileReference; lastKnownFileType = sourcecode.swift; name = "BudgetSheet.swift"; path = "MoneyCity/Views/Modals/BudgetSheet.swift"; sourceTree = "<group>"; };
		B7120A2FDE284D44B2561DAC /* CityProgressSheet.swift */ = {isa = PBXFileReference; lastKnownFileType = sourcecode.swift; name = "CityProgressSheet.swift"; path = "MoneyCity/Views/Modals/CityProgressSheet.swift"; sourceTree = "<group>"; };
		7673B5A7947C442C82186759 /* CitySlotCustomizerSheet.swift */ = {isa = PBXFileReference; lastKnownFileType = sourcecode.swift; name = "CitySlotCustomizerSheet.swift"; path = "MoneyCity/Views/Modals/CitySlotCustomizerSheet.swift"; sourceTree = "<group>"; };
		8EDEDC2C9068472E9A09C100 /* EditTransactionSheet.swift */ = {isa = PBXFileReference; lastKnownFileType = sourcecode.swift; name = "EditTransactionSheet.swift"; path = "MoneyCity/Views/Modals/EditTransactionSheet.swift"; sourceTree = "<group>"; };
		D8315695D33E413F8CD3A3EC /* IngestLogSheet.swift */ = {isa = PBXFileReference; lastKnownFileType = sourcecode.swift; name = "IngestLogSheet.swift"; path = "MoneyCity/Views/Modals/IngestLogSheet.swift"; sourceTree = "<group>"; };
		06877C9F371B408CAA211938 /* QuickAddSheet.swift */ = {isa = PBXFileReference; lastKnownFileType = sourcecode.swift; name = "QuickAddSheet.swift"; path = "MoneyCity/Views/Modals/QuickAddSheet.swift"; sourceTree = "<group>"; };
		79AFB2F2E4214C78A9FB3CF2 /* RecurringExpensesSheet.swift */ = {isa = PBXFileReference; lastKnownFileType = sourcecode.swift; name = "RecurringExpensesSheet.swift"; path = "MoneyCity/Views/Modals/RecurringExpensesSheet.swift"; sourceTree = "<group>"; };
		D0F94697219944BC9957118B /* SavingsGoalsSheet.swift */ = {isa = PBXFileReference; lastKnownFileType = sourcecode.swift; name = "SavingsGoalsSheet.swift"; path = "MoneyCity/Views/Modals/SavingsGoalsSheet.swift"; sourceTree = "<group>"; };
		704CD24DA05441F19C8FA346 /* TransactionFeedSheet.swift */ = {isa = PBXFileReference; lastKnownFileType = sourcecode.swift; name = "TransactionFeedSheet.swift"; path = "MoneyCity/Views/Modals/TransactionFeedSheet.swift"; sourceTree = "<group>"; };
		996FAB85220C4659A05A7759 /* DioramaReadyWrapper.swift */ = {isa = PBXFileReference; lastKnownFileType = sourcecode.swift; name = "DioramaReadyWrapper.swift"; path = "MoneyCity/Views/Diorama/DioramaReadyWrapper.swift"; sourceTree = "<group>"; };
		8F6C6C63A5494B8B8F1B1CF2 /* DioramaSkeletonView.swift */ = {isa = PBXFileReference; lastKnownFileType = sourcecode.swift; name = "DioramaSkeletonView.swift"; path = "MoneyCity/Views/Diorama/DioramaSkeletonView.swift"; sourceTree = "<group>"; };
		664C24DA9F104280A6530207 /* ThreeDioramaView.swift */ = {isa = PBXFileReference; lastKnownFileType = sourcecode.swift; name = "ThreeDioramaView.swift"; path = "MoneyCity/Views/Diorama/ThreeDioramaView.swift"; sourceTree = "<group>"; };
		B98FABD41F0548E78BD78075 /* CityIcon.swift */ = {isa = PBXFileReference; lastKnownFileType = sourcecode.swift; name = "CityIcon.swift"; path = "MoneyCity/Views/Components/CityIcon.swift"; sourceTree = "<group>"; };
		E3EABD2BCD8348108C73B1F1 /* FloatingBottomBar.swift */ = {isa = PBXFileReference; lastKnownFileType = sourcecode.swift; name = "FloatingBottomBar.swift"; path = "MoneyCity/Views/Components/FloatingBottomBar.swift"; sourceTree = "<group>"; };
		8DFF5187199240288C01FAE9 /* ShimmerLoading.swift */ = {isa = PBXFileReference; lastKnownFileType = sourcecode.swift; name = "ShimmerLoading.swift"; path = "MoneyCity/Views/Components/ShimmerLoading.swift"; sourceTree = "<group>"; };
		AD5382E682CE486FBB98CDC9 /* OnboardingWizardView.swift */ = {isa = PBXFileReference; lastKnownFileType = sourcecode.swift; name = "OnboardingWizardView.swift"; path = "MoneyCity/Views/Onboarding/OnboardingWizardView.swift"; sourceTree = "<group>"; };
		8DE968C246FB4BC982E73181 /* BudgetService.swift */ = {isa = PBXFileReference; lastKnownFileType = sourcecode.swift; name = "BudgetService.swift"; path = "MoneyCity/Services/BudgetService.swift"; sourceTree = "<group>"; };
		12BA28AF04454947B49A3D63 /* CategorizationEngine.swift */ = {isa = PBXFileReference; lastKnownFileType = sourcecode.swift; name = "CategorizationEngine.swift"; path = "MoneyCity/Services/CategorizationEngine.swift"; sourceTree = "<group>"; };
		4154F3CBCA72488E81F74A84 /* CityProgressEngine.swift */ = {isa = PBXFileReference; lastKnownFileType = sourcecode.swift; name = "CityProgressEngine.swift"; path = "MoneyCity/Services/CityProgressEngine.swift"; sourceTree = "<group>"; };
		71E8BBE642814D6E9C30A900 /* CitySimulationEngine.swift */ = {isa = PBXFileReference; lastKnownFileType = sourcecode.swift; name = "CitySimulationEngine.swift"; path = "MoneyCity/Services/CitySimulationEngine.swift"; sourceTree = "<group>"; };
		0F3F0AC837AC44F38869C2F5 /* DatabaseService.swift */ = {isa = PBXFileReference; lastKnownFileType = sourcecode.swift; name = "DatabaseService.swift"; path = "MoneyCity/Services/DatabaseService.swift"; sourceTree = "<group>"; };
		3808B0FFF6DA4558A6CB68F5 /* FXService.swift */ = {isa = PBXFileReference; lastKnownFileType = sourcecode.swift; name = "FXService.swift"; path = "MoneyCity/Services/FXService.swift"; sourceTree = "<group>"; };
		E3C1869CA93C4FDFA1A67FBA /* Haptics.swift */ = {isa = PBXFileReference; lastKnownFileType = sourcecode.swift; name = "Haptics.swift"; path = "MoneyCity/Services/Haptics.swift"; sourceTree = "<group>"; };
		EBE100C3CE854C78BF0BAA78 /* InstallmentService.swift */ = {isa = PBXFileReference; lastKnownFileType = sourcecode.swift; name = "InstallmentService.swift"; path = "MoneyCity/Services/InstallmentService.swift"; sourceTree = "<group>"; };
		D51C5BBDE9FA453194D509F1 /* MerchantRuleService.swift */ = {isa = PBXFileReference; lastKnownFileType = sourcecode.swift; name = "MerchantRuleService.swift"; path = "MoneyCity/Services/MerchantRuleService.swift"; sourceTree = "<group>"; };
		475110B82EA44E889C6F2189 /* NotificationService.swift */ = {isa = PBXFileReference; lastKnownFileType = sourcecode.swift; name = "NotificationService.swift"; path = "MoneyCity/Services/NotificationService.swift"; sourceTree = "<group>"; };
		543FFB857B9B4D8E943C4B59 /* ReceiptOCRService.swift */ = {isa = PBXFileReference; lastKnownFileType = sourcecode.swift; name = "ReceiptOCRService.swift"; path = "MoneyCity/Services/ReceiptOCRService.swift"; sourceTree = "<group>"; };
		3DC73C64E897422F9E184BD5 /* RecurringExpenseService.swift */ = {isa = PBXFileReference; lastKnownFileType = sourcecode.swift; name = "RecurringExpenseService.swift"; path = "MoneyCity/Services/RecurringExpenseService.swift"; sourceTree = "<group>"; };
		2471C969E9D14D10973A2888 /* SavingsGoalService.swift */ = {isa = PBXFileReference; lastKnownFileType = sourcecode.swift; name = "SavingsGoalService.swift"; path = "MoneyCity/Services/SavingsGoalService.swift"; sourceTree = "<group>"; };
		20387641FFB64BDA9504830B /* TransactionIngest.swift */ = {isa = PBXFileReference; lastKnownFileType = sourcecode.swift; name = "TransactionIngest.swift"; path = "MoneyCity/Services/TransactionIngest.swift"; sourceTree = "<group>"; };
		F566C7C8ADF140ABBFB9F2A0 /* WalletIngestCoordinator.swift */ = {isa = PBXFileReference; lastKnownFileType = sourcecode.swift; name = "WalletIngestCoordinator.swift"; path = "MoneyCity/Services/WalletIngestCoordinator.swift"; sourceTree = "<group>"; };
		3770EF1FBF49462E9950DCD6 /* diorama.html */ = {isa = PBXFileReference; lastKnownFileType = text.html; name = "diorama.html"; path = "MoneyCity/Resources/diorama.html"; sourceTree = "<group>"; };
		BBE5ADECABCE400D99E9E5FB /* Assets.xcassets */ = {isa = PBXFileReference; lastKnownFileType = wrapper.asset-catalog; name = "Assets.xcassets"; path = "MoneyCity/Resources/Assets.xcassets"; sourceTree = "<group>"; };
		2CBCBE04A7F24D54B468F9BF /* PrivacyInfo.xcprivacy */ = {isa = PBXFileReference; lastKnownFileType = text.xml; name = "PrivacyInfo.xcprivacy"; path = "MoneyCity/Resources/PrivacyInfo.xcprivacy"; sourceTree = "<group>"; };
/* End PBXFileReference section */

/* Begin PBXFrameworksBuildPhase section */
		D2393E3C9B6649CDA176A20E /* Frameworks */ = {
			isa = PBXFrameworksBuildPhase;
			buildActionMask = 2147483647;
			files = (
			);
			runOnlyForDeploymentPostprocessing = 0;
		};
/* End PBXFrameworksBuildPhase section */

/* Begin PBXGroup section */
		6C1C376BC4894C47AE99C9B7 = {
			isa = PBXGroup;
			children = (
				4F2D8448CA7646439959E1DF /* Products */,
				130376982C46451C8957ECE3 /* MoneyCityApp.swift */,
				646559B4B7FB41DAADEF54E8 /* MoneyCityWidgets.swift */,
				59E79BBBA42C4D21B36016B8 /* BuildingTile.swift */,
				EB77CCB815DE40FD93FA4998 /* CategoryBudget.swift */,
				6DF440B3370344AEA4CC1462 /* CityEnrichment.swift */,
				CE03643E80434CEB92318722 /* CitySlot.swift */,
				F078D24F645B43E2AEB276BC /* IncomeSource.swift */,
				4D157A0FFC2F4E66AC88F038 /* IngestLogEntry.swift */,
				7F167CEF00AD442EB996AB00 /* InstallmentPlan.swift */,
				F627843E5F11438D9245316F /* LocalizationManager.swift */,
				CFE1BDF6B0814069A12E2DC4 /* MerchantRule.swift */,
				34A91D9966224DAF91640EC2 /* MonthlyCity.swift */,
				0BADB0BD63264210A5009DF7 /* RecurringExpense.swift */,
				72E1DD5A8AC84303A1A386B8 /* SavingsGoal.swift */,
				3BD393BBDE03441084C65631 /* SpendingCategory.swift */,
				476D633441D94C68B4A3230F /* Theme.swift */,
				6BADB1ABB6364003BDA8E30C /* Transaction.swift */,
				71CFD693DDE14271BA7B6DF8 /* LogWalletPaymentIntent.swift */,
				9A00137AFFC74C9A821FDBE7 /* MoneyCityShortcuts.swift */,
				7702B99AF5D44BE08FFDFF17 /* RecordTransactionIntent.swift */,
				2E1E5339F15449D9AC6D117E /* ScanReceiptIntent.swift */,
				339CBF2BE9D9493DBCFA7A09 /* AnalyticsView.swift */,
				FD01087690CB4FBD8E2179E1 /* HistoryView.swift */,
				47F91B7BD4084A1E9E36CB5B /* MainCityView.swift */,
				B1CA18C8857640BEB14CD579 /* ProfileView.swift */,
				2F0E0A8567084F4388B6EBE1 /* BudgetSheet.swift */,
				B7120A2FDE284D44B2561DAC /* CityProgressSheet.swift */,
				7673B5A7947C442C82186759 /* CitySlotCustomizerSheet.swift */,
				8EDEDC2C9068472E9A09C100 /* EditTransactionSheet.swift */,
				D8315695D33E413F8CD3A3EC /* IngestLogSheet.swift */,
				06877C9F371B408CAA211938 /* QuickAddSheet.swift */,
				79AFB2F2E4214C78A9FB3CF2 /* RecurringExpensesSheet.swift */,
				D0F94697219944BC9957118B /* SavingsGoalsSheet.swift */,
				704CD24DA05441F19C8FA346 /* TransactionFeedSheet.swift */,
				996FAB85220C4659A05A7759 /* DioramaReadyWrapper.swift */,
				8F6C6C63A5494B8B8F1B1CF2 /* DioramaSkeletonView.swift */,
				664C24DA9F104280A6530207 /* ThreeDioramaView.swift */,
				B98FABD41F0548E78BD78075 /* CityIcon.swift */,
				E3EABD2BCD8348108C73B1F1 /* FloatingBottomBar.swift */,
				8DFF5187199240288C01FAE9 /* ShimmerLoading.swift */,
				AD5382E682CE486FBB98CDC9 /* OnboardingWizardView.swift */,
				8DE968C246FB4BC982E73181 /* BudgetService.swift */,
				12BA28AF04454947B49A3D63 /* CategorizationEngine.swift */,
				4154F3CBCA72488E81F74A84 /* CityProgressEngine.swift */,
				71E8BBE642814D6E9C30A900 /* CitySimulationEngine.swift */,
				0F3F0AC837AC44F38869C2F5 /* DatabaseService.swift */,
				3808B0FFF6DA4558A6CB68F5 /* FXService.swift */,
				E3C1869CA93C4FDFA1A67FBA /* Haptics.swift */,
				EBE100C3CE854C78BF0BAA78 /* InstallmentService.swift */,
				D51C5BBDE9FA453194D509F1 /* MerchantRuleService.swift */,
				475110B82EA44E889C6F2189 /* NotificationService.swift */,
				543FFB857B9B4D8E943C4B59 /* ReceiptOCRService.swift */,
				3DC73C64E897422F9E184BD5 /* RecurringExpenseService.swift */,
				2471C969E9D14D10973A2888 /* SavingsGoalService.swift */,
				20387641FFB64BDA9504830B /* TransactionIngest.swift */,
				F566C7C8ADF140ABBFB9F2A0 /* WalletIngestCoordinator.swift */,
				3770EF1FBF49462E9950DCD6 /* diorama.html */,
				BBE5ADECABCE400D99E9E5FB /* Assets.xcassets */,
				2CBCBE04A7F24D54B468F9BF /* PrivacyInfo.xcprivacy */,
			);
			sourceTree = "<group>";
		};
		4F2D8448CA7646439959E1DF /* Products */ = {
			isa = PBXGroup;
			children = (
				084C9FBEB23B48BF855CE35B /* MoneyCity.app */,
			);
			name = Products;
			sourceTree = "<group>";
		};
/* End PBXGroup section */

/* Begin PBXNativeTarget section */
		E7D107E379E24855BF023348 /* MoneyCity */ = {
			isa = PBXNativeTarget;
			buildConfigurationList = E7EA1880462E400BAA9A3985 /* Build configuration list for PBXNativeTarget "MoneyCity" */;
			buildPhases = (
				2E4627E8A78C4443BF5F5441 /* Sources */,
				D2393E3C9B6649CDA176A20E /* Frameworks */,
				3D392E6B034E43D59E898073 /* Resources */,
			);
			buildRules = (
			);
			dependencies = (
			);
			name = MoneyCity;
			productName = MoneyCity;
			productReference = 084C9FBEB23B48BF855CE35B /* MoneyCity.app */;
			productType = "com.apple.product-type.application";
		};
/* End PBXNativeTarget section */

/* Begin PBXProject section */
		FFFF20F5B4484AB997D89223 /* Project object */ = {
			isa = PBXProject;
			attributes = {
				BuildIndependentTargetsInParallel = 1;
				ENABLE_USER_SCRIPT_SANDBOXING = YES;
				LastSwiftUpdateCheck = 1600;
				LastUpgradeCheck = 1600;
				TargetAttributes = {
					E7D107E379E24855BF023348 = {
						CreatedOnToolsVersion = 16.0;
					};
				};
			};
			buildConfigurationList = 07216CA83EEC4D11ACDE9C2A /* Build configuration list for PBXProject "MoneyCity" */;
			compatibilityVersion = "Xcode 14.0";
			developmentRegion = en;
			hasScannedForEncodings = 0;
			knownRegions = (
				en,
				Base,
			);
			mainGroup = 6C1C376BC4894C47AE99C9B7;
			productRefGroup = 4F2D8448CA7646439959E1DF /* Products */;
			projectDirPath = "";
			projectRoot = "";
			targets = (
				E7D107E379E24855BF023348 /* MoneyCity */,
			);
		};
/* End PBXProject section */

/* Begin PBXResourcesBuildPhase section */
		3D392E6B034E43D59E898073 /* Resources */ = {
			isa = PBXResourcesBuildPhase;
			buildActionMask = 2147483647;
			files = (
				9D0B61504ECA4BFB8D75A346 /* Resources */,
				75DCFB40489A4212A1C275FC /* Resources */,
				8DD1D32E07854C37873078F8 /* Resources */,
			);
			runOnlyForDeploymentPostprocessing = 0;
		};
/* End PBXResourcesBuildPhase section */

/* Begin PBXSourcesBuildPhase section */
		2E4627E8A78C4443BF5F5441 /* Sources */ = {
			isa = PBXSourcesBuildPhase;
			buildActionMask = 2147483647;
			files = (
				E361F51DBA3B42A9BCCA83B3 /* Sources */,
				27E95F8F39BD4DF59CCF7078 /* Sources */,
				FFA29403622D4EC3BD30AD8F /* Sources */,
				2779BC6F55F84D1BB5EADBCB /* Sources */,
				84EB0FEE82274F6E99EBC0CF /* Sources */,
				8664817FD62A44F8B12360A6 /* Sources */,
				9F8BC772901D405E8E731EAD /* Sources */,
				3C26781642E448838F140203 /* Sources */,
				17FFC7A36FE04A07827705E9 /* Sources */,
				C31ADD2834EC471D8B612ECA /* Sources */,
				A8F58EA88D20405D9F3EE4ED /* Sources */,
				B2F6B5ACC6D043CABFA98DD0 /* Sources */,
				1CBFBDD2AA0D46BCB4074EE2 /* Sources */,
				FDAC8E1F7B10473BA329E9D5 /* Sources */,
				9DE555709CCC42D4B53D3BE8 /* Sources */,
				4DC59EEC4D014A80A102B983 /* Sources */,
				EDC75BE570874374AB15ECE3 /* Sources */,
				C5A6EC9DD62F411D8E24515F /* Sources */,
				DAD9CBB0999046D3AB1E3E70 /* Sources */,
				178D3A5AF86B4B70B4B88BE6 /* Sources */,
				87B972BB184C4ECB990F08A0 /* Sources */,
				39FC17A9368D42959B50A3E2 /* Sources */,
				72BE204EF2E8458A8E4E1477 /* Sources */,
				013A3C5E365140D9B1A00F90 /* Sources */,
				628F7B9C08204E38A251CBC1 /* Sources */,
				60C2B0E95E2A43BD916CF8F1 /* Sources */,
				3618BD0A8EA8415580543005 /* Sources */,
				687E9CA372644CC4ADDF3C3A /* Sources */,
				083F6687C47F45C4ADE16F0A /* Sources */,
				8116C71ED1344AFD812BF7D6 /* Sources */,
				022B5811C7BB412B81AA5578 /* Sources */,
				351819E84C8F4B48B31FF1E9 /* Sources */,
				619ED64E53AC44D2A89615ED /* Sources */,
				7BF296BFA33543039DDF5C54 /* Sources */,
				A75CCBB65D53413E810B49FC /* Sources */,
				F45377D258694C25A532C173 /* Sources */,
				AF82FCD6260A4B03B287C86B /* Sources */,
				44B9A4F3EFE0466891A1D250 /* Sources */,
				93F5195646B94B64935550AC /* Sources */,
				38070B4F126C495A91068C10 /* Sources */,
				6A07F86B7323426084D48098 /* Sources */,
				6DF3BA70A6B84BE28A142A83 /* Sources */,
				FF9293AE0D3D47D6A00F1541 /* Sources */,
				BDF45B4DE41C4C15843FDDF8 /* Sources */,
				219E8E7DF05A45CA8D351170 /* Sources */,
				9392A46B281A4D09B7AAC19B /* Sources */,
				F04B6E6FED6743B2BA74FD19 /* Sources */,
				561363284D504B27B061612A /* Sources */,
				449DC5BC142F4EC4B00B88E0 /* Sources */,
				34EB7FDCADEB4B35B965BB6E /* Sources */,
				CA6B35B9E12744E5B6F0259B /* Sources */,
				CABBAA069AE2479B9A9A021E /* Sources */,
				08F0EF7F164F48BB9461C0FB /* Sources */,
				C738E33C3C964C1FB41CE75E /* Sources */,
				80C99485606F46F2899A7389 /* Sources */,
				8CAACD6DBB724F569F6044B1 /* Sources */,
			);
			runOnlyForDeploymentPostprocessing = 0;
		};
/* End PBXSourcesBuildPhase section */

/* Begin XCBuildConfiguration section */
		960902F2A5174A689312952C /* Debug */ = {
			isa = XCBuildConfiguration;
			buildSettings = {
				ALWAYS_SEARCH_USER_PATHS = NO;
				CLANG_ANALYZER_NONNULL = YES;
				CLANG_ENABLE_MODULES = YES;
				CLANG_ENABLE_OBJC_ARC = YES;
				COPY_PHASE_STRIP = NO;
				DEBUG_INFORMATION_FORMAT = dwarf;
				ENABLE_STRICT_OBJC_MSGSEND = YES;
				ENABLE_TESTABILITY = YES;
				GCC_DYNAMIC_NO_PIC = NO;
				GCC_NO_COMMON_BLOCKS = YES;
				GCC_OPTIMIZATION_LEVEL = 0;
				GCC_PREPROCESSOR_DEFINITIONS = (
					"DEBUG=1",
					"$(inherited)",
				);
				GCC_WARN_64_TO_32_BIT_CONVERSION = YES;
				GCC_WARN_ABOUT_RETURN_TYPE = YES_ERROR;
				GCC_WARN_UNDEFINED_VARIABLES = YES;
				GCC_WARN_UNINITIALIZED_AUTOS = YES_AGGRESSIVE;
				IPHONEOS_DEPLOYMENT_TARGET = 17.0;
				MTL_ENABLE_DEBUG_INFO = INCLUDE_SOURCE;
				MTL_FAST_MATH = YES;
				ONLY_ACTIVE_ARCH = YES;
				SDKROOT = iphoneos;
				SWIFT_ACTIVE_COMPILATION_CONDITIONS = "DEBUG $(inherited)";
				SWIFT_OPTIMIZATION_LEVEL = "-Onone";
				SWIFT_VERSION = 5.0;
			};
			name = Debug;
		};
		8268FF7102604EB49D7CE376 /* Release */ = {
			isa = XCBuildConfiguration;
			buildSettings = {
				ALWAYS_SEARCH_USER_PATHS = NO;
				CLANG_ANALYZER_NONNULL = YES;
				CLANG_ENABLE_MODULES = YES;
				CLANG_ENABLE_OBJC_ARC = YES;
				COPY_PHASE_STRIP = NO;
				DEBUG_INFORMATION_FORMAT = "dwarf-with-dsym";
				ENABLE_NS_ASSERTIONS = NO;
				ENABLE_STRICT_OBJC_MSGSEND = YES;
				GCC_NO_COMMON_BLOCKS = YES;
				GCC_WARN_64_TO_32_BIT_CONVERSION = YES;
				GCC_WARN_ABOUT_RETURN_TYPE = YES_ERROR;
				GCC_WARN_UNDEFINED_VARIABLES = YES;
				GCC_WARN_UNINITIALIZED_AUTOS = YES_AGGRESSIVE;
				IPHONEOS_DEPLOYMENT_TARGET = 17.0;
				MTL_ENABLE_DEBUG_INFO = NO;
				MTL_FAST_MATH = YES;
				SDKROOT = iphoneos;
				SWIFT_COMPILATION_MODE = wholemodule;
				SWIFT_OPTIMIZATION_LEVEL = "-O";
				SWIFT_VERSION = 5.0;
				VALIDATE_PRODUCT = YES;
			};
			name = Release;
		};
		EA59A69F1556441F9C211699 /* Debug */ = {
			isa = XCBuildConfiguration;
			buildSettings = {
				ASSETCATALOG_COMPILER_APPICON_NAME = AppIcon;
				ASSETCATALOG_COMPILER_GLOBAL_ACCENT_COLOR_NAME = AccentColor;
				CODE_SIGN_STYLE = Automatic;
				CODE_SIGN_IDENTITY = "Apple Development";
				CURRENT_PROJECT_VERSION = 1;
				ENABLE_PREVIEWS = YES;
				ENABLE_DEBUG_DYLIB = YES;
				GENERATE_INFOPLIST_FILE = YES;
				INFOPLIST_KEY_CFBundleDisplayName = "SPENT";
				INFOPLIST_KEY_LSRequiresIPhoneOS = YES;
				INFOPLIST_KEY_UILaunchScreen_Generation = YES;
				INFOPLIST_KEY_UISupportedInterfaceOrientations = UIInterfaceOrientationPortrait;
				INFOPLIST_KEY_CFBundleURLTypes = ( { CFBundleURLName = "com.moneycity.app"; CFBundleURLSchemes = ( spentapp, moneycity ); } );
				IPHONEOS_DEPLOYMENT_TARGET = 17.0;
				LD_RUNPATH_SEARCH_PATHS = (
					"$(inherited)",
					"@executable_path/Frameworks",
				);
				MARKETING_VERSION = 1.0;
				PRODUCT_BUNDLE_IDENTIFIER = "com.moneycity.app";
				PRODUCT_NAME = "$(TARGET_NAME)";
				SWIFT_EMIT_LOC_STRINGS = YES;
				SWIFT_VERSION = 5.0;
				TARGETED_DEVICE_FAMILY = "1";
			};
			name = Debug;
		};
		D0D3D0B401F44CFDBD17A521 /* Release */ = {
			isa = XCBuildConfiguration;
			buildSettings = {
				ASSETCATALOG_COMPILER_APPICON_NAME = AppIcon;
				ASSETCATALOG_COMPILER_GLOBAL_ACCENT_COLOR_NAME = AccentColor;
				CODE_SIGN_STYLE = Automatic;
				CODE_SIGN_IDENTITY = "Apple Development";
				CURRENT_PROJECT_VERSION = 1;
				ENABLE_PREVIEWS = YES;
				ENABLE_DEBUG_DYLIB = YES;
				GENERATE_INFOPLIST_FILE = YES;
				INFOPLIST_KEY_CFBundleDisplayName = "SPENT";
				INFOPLIST_KEY_LSRequiresIPhoneOS = YES;
				INFOPLIST_KEY_UILaunchScreen_Generation = YES;
				INFOPLIST_KEY_UISupportedInterfaceOrientations = UIInterfaceOrientationPortrait;
				INFOPLIST_KEY_CFBundleURLTypes = ( { CFBundleURLName = "com.moneycity.app"; CFBundleURLSchemes = ( spentapp, moneycity ); } );
				IPHONEOS_DEPLOYMENT_TARGET = 17.0;
				LD_RUNPATH_SEARCH_PATHS = (
					"$(inherited)",
					"@executable_path/Frameworks",
				);
				MARKETING_VERSION = 1.0;
				PRODUCT_BUNDLE_IDENTIFIER = "com.moneycity.app";
				PRODUCT_NAME = "$(TARGET_NAME)";
				SWIFT_EMIT_LOC_STRINGS = YES;
				SWIFT_VERSION = 5.0;
				TARGETED_DEVICE_FAMILY = "1";
			};
			name = Release;
		};
/* End XCBuildConfiguration section */

/* Begin XCConfigurationList section */
		07216CA83EEC4D11ACDE9C2A /* Build configuration list for PBXProject "MoneyCity" */ = {
			isa = XCConfigurationList;
			buildConfigurations = (
				960902F2A5174A689312952C /* Debug */,
				8268FF7102604EB49D7CE376 /* Release */,
			);
			defaultConfigurationIsVisible = 0;
			defaultConfigurationName = Release;
		};
		E7EA1880462E400BAA9A3985 /* Build configuration list for PBXNativeTarget "MoneyCity" */ = {
			isa = XCConfigurationList;
			buildConfigurations = (
				EA59A69F1556441F9C211699 /* Debug */,
				D0D3D0B401F44CFDBD17A521 /* Release */,
			);
			defaultConfigurationIsVisible = 0;
			defaultConfigurationName = Release;
		};
/* End XCConfigurationList section */
	};
	rootObject = FFFF20F5B4484AB997D89223 /* Project object */;
}
