// !$*UTF8*$!
{
	archiveVersion = 1;
	classes = {
	};
	objectVersion = 56;
	objects = {

/* Begin PBXBuildFile section */
		F11EC5385F8F4D8D954C6428 /* Sources in MoneyCity */ = {isa = PBXBuildFile; fileRef = 1B035F9367E4484ABB654A72; };
		BB6D2CDE3ECD47C3B26EFF1D /* Sources in MoneyCity */ = {isa = PBXBuildFile; fileRef = DE68F1A0C2FE4EA8BF4980CE; };
		506E1FAF19F44DBDAEC68135 /* Sources in MoneyCity */ = {isa = PBXBuildFile; fileRef = C0F20513F86645CD91E2349C; };
		2BFDEE394E3F4CAE9A5BAB99 /* Sources in MoneyCity */ = {isa = PBXBuildFile; fileRef = 0A68F33ED8B846649E0CD6AC; };
		A5F9334DC3F04C21B46126F2 /* Sources in MoneyCity */ = {isa = PBXBuildFile; fileRef = B98C19A9EEFC4EC4B205604B; };
		97E9E7054B344A45B265CB35 /* Sources in MoneyCity */ = {isa = PBXBuildFile; fileRef = 9383C913A2F2442BA762AA43; };
		23C52ED1D2704CFEA93D15B5 /* Sources in MoneyCity */ = {isa = PBXBuildFile; fileRef = D286E85D58BF4E0EA2BF5021; };
		F3F8776718DA4934A7CF78DB /* Sources in MoneyCity */ = {isa = PBXBuildFile; fileRef = B4FF742DCAD242079328BD6F; };
		A39EFA3A2F0B4F6598DAD2E1 /* Sources in MoneyCity */ = {isa = PBXBuildFile; fileRef = 0F821D7D83D24398AFF8564E; };
		41DF6AAF13BA48CABFF6DFA1 /* Sources in MoneyCity */ = {isa = PBXBuildFile; fileRef = 554CC912559C4B71992EC0F8; };
		E50FF7F3476340C6BFF688A2 /* Sources in MoneyCity */ = {isa = PBXBuildFile; fileRef = 5310DC964EF44B919D05D6CD; };
		ECE0CCE2F0E14743B5CA7024 /* Sources in MoneyCity */ = {isa = PBXBuildFile; fileRef = 531C7B069AB146AD85FF0167; };
		0BF2AEFAE3EE4822AF1A09D9 /* Sources in MoneyCity */ = {isa = PBXBuildFile; fileRef = A0EA1328AAB74737BBB985C3; };
		E5533A0347C642C883E38DA1 /* Sources in MoneyCity */ = {isa = PBXBuildFile; fileRef = D44349450F41419EA08D31AF; };
		6BE3E5E48F8F4E5880D7D833 /* Sources in MoneyCity */ = {isa = PBXBuildFile; fileRef = FD1413446838470ABEC4ABDC; };
		10B1DEE05918446AB09937A8 /* Sources in MoneyCity */ = {isa = PBXBuildFile; fileRef = 567B28C8A5644988B31F1A65; };
		46D70F1CFDCE40AFBE3A3FC2 /* Sources in MoneyCity */ = {isa = PBXBuildFile; fileRef = F70C2ACE8E7E4F6DA9388DF1; };
		9166C938EFAC45E19E1D8DB6 /* Sources in MoneyCity */ = {isa = PBXBuildFile; fileRef = F99BD5DE0A5742F88358F681; };
		C2FF3008E21C477F9C1724D4 /* Sources in MoneyCity */ = {isa = PBXBuildFile; fileRef = 51D8A30086824749B9CC298C; };
		23198AEFA850486284A85D1B /* Sources in MoneyCity */ = {isa = PBXBuildFile; fileRef = 4530B85CD6A64C209DBEF87C; };
		A1B54A8ACA1C4135AE7A5218 /* Sources in MoneyCity */ = {isa = PBXBuildFile; fileRef = DFCF934995AF4EC68C0DF34B; };
		9A7AFF6DA30A4A87BE0A1A8E /* Sources in MoneyCity */ = {isa = PBXBuildFile; fileRef = E5FE4EFB56EE47668C254DC0; };
		1C7290D2CC0C4292AAE50E1A /* Sources in MoneyCity */ = {isa = PBXBuildFile; fileRef = B4DE7B6A169C4DEF99B0110C; };
		A281E0CA2032452AB2A3F8C7 /* Sources in MoneyCity */ = {isa = PBXBuildFile; fileRef = 8BC8521898204118AAD0A216; };
		0BF313B467084713BEBEB380 /* Sources in MoneyCity */ = {isa = PBXBuildFile; fileRef = 9AF197010B024116802CC1A5; };
		C142A05E16704B6784D71A1E /* Sources in MoneyCity */ = {isa = PBXBuildFile; fileRef = 073929F9618E47A18CEC7798; };
		2951E6DA74014F1C8F2686B8 /* Sources in MoneyCity */ = {isa = PBXBuildFile; fileRef = 8F9381EF731C41C487EE73E9; };
		97C66810F20F4A9A9AF5F9A4 /* Sources in MoneyCity */ = {isa = PBXBuildFile; fileRef = 9AB7389F65A1459EAB6859CB; };
		983747F29C444D39BCF2A359 /* Sources in MoneyCity */ = {isa = PBXBuildFile; fileRef = 8102FBC05D464BE29C92B218; };
		4BF004F18708446190700684 /* Sources in MoneyCity */ = {isa = PBXBuildFile; fileRef = B9F73EAA8FC84C7FBC9B6EFC; };
		5AA775566D044F359AAFCBBA /* Sources in MoneyCity */ = {isa = PBXBuildFile; fileRef = 4506C5854DAA474895EC66DF; };
		47B6C8A028224550BA135AEF /* Sources in MoneyCity */ = {isa = PBXBuildFile; fileRef = 9C457A950FEA43FE9BDE6DDE; };
		2EBBCADCC6F3456A942626C7 /* Sources in MoneyCity */ = {isa = PBXBuildFile; fileRef = E1398726A2404E1394BE8D5E; };
		CF3B3A30E8C4497E919FCFE6 /* Sources in MoneyCity */ = {isa = PBXBuildFile; fileRef = 8BD3B3563690464196C51289; };
		DE1F5F8B7A9147C0A30D7D7B /* Sources in MoneyCity */ = {isa = PBXBuildFile; fileRef = 1E99B9CC5FD64B138A043FE7; };
		FFA92EBAB27C48C0920FE3E4 /* Sources in MoneyCity */ = {isa = PBXBuildFile; fileRef = C377BADFCA5445489379346E; };
		073D92A4C35B4550A6036AE5 /* Sources in MoneyCity */ = {isa = PBXBuildFile; fileRef = 9EE998FD745D477BAD6EDE46; };
		8B736FE06C2D4338AE19A932 /* Sources in MoneyCity */ = {isa = PBXBuildFile; fileRef = 75BABBAF5A974CA89065B00A; };
		F821BCEEA88846D3ACBE46B7 /* Sources in MoneyCity */ = {isa = PBXBuildFile; fileRef = 143E7E9CD14A4BFEA131C3C7; };
		0B204CE8AA4A48828E413064 /* Sources in MoneyCity */ = {isa = PBXBuildFile; fileRef = 551D6C1EC6204D4C95DC29DD; };
		6264B1D3DC3D434587C92238 /* Sources in MoneyCity */ = {isa = PBXBuildFile; fileRef = 56CA2949DCE04CCEAE4765D8; };
		5F69550056904739955D62FB /* Sources in MoneyCity */ = {isa = PBXBuildFile; fileRef = 46A2EB8CE6AD40978E82147F; };
		6D4B6C7A05B842198D87F984 /* Sources in MoneyCity */ = {isa = PBXBuildFile; fileRef = E01E4CFDC2734DAEBC758606; };
		D640CED8A4054A71843F5E9D /* Sources in MoneyCity */ = {isa = PBXBuildFile; fileRef = 643183E26889438EA2B6BF6D; };
		DEAD42D89B074A8A84105B45 /* Sources in MoneyCity */ = {isa = PBXBuildFile; fileRef = B0D2DD965DB34B42BDBEC41D; };
		62E8E8E48B0640A292CA918B /* Sources in MoneyCity */ = {isa = PBXBuildFile; fileRef = 574D50B5FACC49899565A953; };
		E57B9F05871446488079A3B1 /* Sources in MoneyCity */ = {isa = PBXBuildFile; fileRef = DC730A81E1B24B618BC8AFC6; };
		6325CB2C55EB444CB5362862 /* Sources in MoneyCity */ = {isa = PBXBuildFile; fileRef = 3F2E55BFBBA9479CBFE794D7; };
		04A4C533E29241B89D32A013 /* Sources in MoneyCity */ = {isa = PBXBuildFile; fileRef = 1C594B0C7DD74B68A2F443B7; };
		78C61479E013417B9C79CDC7 /* Sources in MoneyCity */ = {isa = PBXBuildFile; fileRef = DA0F2BACCAB940E3B7D8E1C0; };
		9720EA9C44D049B0A380DE6B /* Sources in MoneyCity */ = {isa = PBXBuildFile; fileRef = 72D56A22E44441628AE29B22; };
		F3C5B91A5787432E942805AD /* Sources in MoneyCity */ = {isa = PBXBuildFile; fileRef = 4ED6F8D861D54017BE73FADE; };
		C1DCBD63D9ED45CD83434879 /* Sources in MoneyCity */ = {isa = PBXBuildFile; fileRef = 3941022426E2470BAFD2F7ED; };
		4D8EA9C4F8A4417BBEAE9156 /* Sources in MoneyCity */ = {isa = PBXBuildFile; fileRef = 12226EE9CAE94AA5AA85C8ED; };
		2566F5D1BF4F4908A6709CFE /* Sources in MoneyCity */ = {isa = PBXBuildFile; fileRef = F6677F89E1484F90BF7424CB; };
		FF620BDD4AF749CF86819C9D /* Sources in MoneyCity */ = {isa = PBXBuildFile; fileRef = 25504398E7BD43088F1BD613; };
		E6D62883B902491B9EC2E47D /* Resources in MoneyCity */ = {isa = PBXBuildFile; fileRef = 8739467A81D04C7097BCFC42; };
		632D64E0A71D44A4976F78BB /* Resources in MoneyCity */ = {isa = PBXBuildFile; fileRef = C79372E0FCC1412C9989507E; };
		AD84DD88F8784C4C8E1D5320 /* Resources in MoneyCity */ = {isa = PBXBuildFile; fileRef = 3EB32098293848B78F54438C; };
/* End PBXBuildFile section */

/* Begin PBXFileReference section */
		BB0DC616007343C8BF52566D /* MoneyCity.app */ = {isa = PBXFileReference; explicitFileType = wrapper.application; includeInIndex = 0; path = MoneyCity.app; sourceTree = BUILT_PRODUCTS_DIR; };
		1B035F9367E4484ABB654A72 /* MoneyCityApp.swift */ = {isa = PBXFileReference; lastKnownFileType = sourcecode.swift; name = "MoneyCityApp.swift"; path = "MoneyCity/MoneyCityApp.swift"; sourceTree = "<group>"; };
		DE68F1A0C2FE4EA8BF4980CE /* MoneyCityWidgets.swift */ = {isa = PBXFileReference; lastKnownFileType = sourcecode.swift; name = "MoneyCityWidgets.swift"; path = "MoneyCity/MoneyCityWidgets.swift"; sourceTree = "<group>"; };
		C0F20513F86645CD91E2349C /* BuildingTile.swift */ = {isa = PBXFileReference; lastKnownFileType = sourcecode.swift; name = "BuildingTile.swift"; path = "MoneyCity/Models/BuildingTile.swift"; sourceTree = "<group>"; };
		0A68F33ED8B846649E0CD6AC /* CategoryBudget.swift */ = {isa = PBXFileReference; lastKnownFileType = sourcecode.swift; name = "CategoryBudget.swift"; path = "MoneyCity/Models/CategoryBudget.swift"; sourceTree = "<group>"; };
		B98C19A9EEFC4EC4B205604B /* CityEnrichment.swift */ = {isa = PBXFileReference; lastKnownFileType = sourcecode.swift; name = "CityEnrichment.swift"; path = "MoneyCity/Models/CityEnrichment.swift"; sourceTree = "<group>"; };
		9383C913A2F2442BA762AA43 /* CitySlot.swift */ = {isa = PBXFileReference; lastKnownFileType = sourcecode.swift; name = "CitySlot.swift"; path = "MoneyCity/Models/CitySlot.swift"; sourceTree = "<group>"; };
		D286E85D58BF4E0EA2BF5021 /* IncomeSource.swift */ = {isa = PBXFileReference; lastKnownFileType = sourcecode.swift; name = "IncomeSource.swift"; path = "MoneyCity/Models/IncomeSource.swift"; sourceTree = "<group>"; };
		B4FF742DCAD242079328BD6F /* IngestLogEntry.swift */ = {isa = PBXFileReference; lastKnownFileType = sourcecode.swift; name = "IngestLogEntry.swift"; path = "MoneyCity/Models/IngestLogEntry.swift"; sourceTree = "<group>"; };
		0F821D7D83D24398AFF8564E /* InstallmentPlan.swift */ = {isa = PBXFileReference; lastKnownFileType = sourcecode.swift; name = "InstallmentPlan.swift"; path = "MoneyCity/Models/InstallmentPlan.swift"; sourceTree = "<group>"; };
		554CC912559C4B71992EC0F8 /* LocalizationManager.swift */ = {isa = PBXFileReference; lastKnownFileType = sourcecode.swift; name = "LocalizationManager.swift"; path = "MoneyCity/Models/LocalizationManager.swift"; sourceTree = "<group>"; };
		5310DC964EF44B919D05D6CD /* MerchantRule.swift */ = {isa = PBXFileReference; lastKnownFileType = sourcecode.swift; name = "MerchantRule.swift"; path = "MoneyCity/Models/MerchantRule.swift"; sourceTree = "<group>"; };
		531C7B069AB146AD85FF0167 /* MonthlyCity.swift */ = {isa = PBXFileReference; lastKnownFileType = sourcecode.swift; name = "MonthlyCity.swift"; path = "MoneyCity/Models/MonthlyCity.swift"; sourceTree = "<group>"; };
		A0EA1328AAB74737BBB985C3 /* RecurringExpense.swift */ = {isa = PBXFileReference; lastKnownFileType = sourcecode.swift; name = "RecurringExpense.swift"; path = "MoneyCity/Models/RecurringExpense.swift"; sourceTree = "<group>"; };
		D44349450F41419EA08D31AF /* SavingsGoal.swift */ = {isa = PBXFileReference; lastKnownFileType = sourcecode.swift; name = "SavingsGoal.swift"; path = "MoneyCity/Models/SavingsGoal.swift"; sourceTree = "<group>"; };
		FD1413446838470ABEC4ABDC /* SpendingCategory.swift */ = {isa = PBXFileReference; lastKnownFileType = sourcecode.swift; name = "SpendingCategory.swift"; path = "MoneyCity/Models/SpendingCategory.swift"; sourceTree = "<group>"; };
		567B28C8A5644988B31F1A65 /* Theme.swift */ = {isa = PBXFileReference; lastKnownFileType = sourcecode.swift; name = "Theme.swift"; path = "MoneyCity/Models/Theme.swift"; sourceTree = "<group>"; };
		F70C2ACE8E7E4F6DA9388DF1 /* Transaction.swift */ = {isa = PBXFileReference; lastKnownFileType = sourcecode.swift; name = "Transaction.swift"; path = "MoneyCity/Models/Transaction.swift"; sourceTree = "<group>"; };
		F99BD5DE0A5742F88358F681 /* LogWalletPaymentIntent.swift */ = {isa = PBXFileReference; lastKnownFileType = sourcecode.swift; name = "LogWalletPaymentIntent.swift"; path = "MoneyCity/Intents/LogWalletPaymentIntent.swift"; sourceTree = "<group>"; };
		51D8A30086824749B9CC298C /* MoneyCityShortcuts.swift */ = {isa = PBXFileReference; lastKnownFileType = sourcecode.swift; name = "MoneyCityShortcuts.swift"; path = "MoneyCity/Intents/MoneyCityShortcuts.swift"; sourceTree = "<group>"; };
		4530B85CD6A64C209DBEF87C /* RecordTransactionIntent.swift */ = {isa = PBXFileReference; lastKnownFileType = sourcecode.swift; name = "RecordTransactionIntent.swift"; path = "MoneyCity/Intents/RecordTransactionIntent.swift"; sourceTree = "<group>"; };
		DFCF934995AF4EC68C0DF34B /* ScanReceiptIntent.swift */ = {isa = PBXFileReference; lastKnownFileType = sourcecode.swift; name = "ScanReceiptIntent.swift"; path = "MoneyCity/Intents/ScanReceiptIntent.swift"; sourceTree = "<group>"; };
		E5FE4EFB56EE47668C254DC0 /* AnalyticsView.swift */ = {isa = PBXFileReference; lastKnownFileType = sourcecode.swift; name = "AnalyticsView.swift"; path = "MoneyCity/Views/AnalyticsView.swift"; sourceTree = "<group>"; };
		B4DE7B6A169C4DEF99B0110C /* HistoryView.swift */ = {isa = PBXFileReference; lastKnownFileType = sourcecode.swift; name = "HistoryView.swift"; path = "MoneyCity/Views/HistoryView.swift"; sourceTree = "<group>"; };
		8BC8521898204118AAD0A216 /* MainCityView.swift */ = {isa = PBXFileReference; lastKnownFileType = sourcecode.swift; name = "MainCityView.swift"; path = "MoneyCity/Views/MainCityView.swift"; sourceTree = "<group>"; };
		9AF197010B024116802CC1A5 /* ProfileView.swift */ = {isa = PBXFileReference; lastKnownFileType = sourcecode.swift; name = "ProfileView.swift"; path = "MoneyCity/Views/ProfileView.swift"; sourceTree = "<group>"; };
		073929F9618E47A18CEC7798 /* BudgetSheet.swift */ = {isa = PBXFileReference; lastKnownFileType = sourcecode.swift; name = "BudgetSheet.swift"; path = "MoneyCity/Views/Modals/BudgetSheet.swift"; sourceTree = "<group>"; };
		8F9381EF731C41C487EE73E9 /* CityProgressSheet.swift */ = {isa = PBXFileReference; lastKnownFileType = sourcecode.swift; name = "CityProgressSheet.swift"; path = "MoneyCity/Views/Modals/CityProgressSheet.swift"; sourceTree = "<group>"; };
		9AB7389F65A1459EAB6859CB /* CitySlotCustomizerSheet.swift */ = {isa = PBXFileReference; lastKnownFileType = sourcecode.swift; name = "CitySlotCustomizerSheet.swift"; path = "MoneyCity/Views/Modals/CitySlotCustomizerSheet.swift"; sourceTree = "<group>"; };
		8102FBC05D464BE29C92B218 /* EditTransactionSheet.swift */ = {isa = PBXFileReference; lastKnownFileType = sourcecode.swift; name = "EditTransactionSheet.swift"; path = "MoneyCity/Views/Modals/EditTransactionSheet.swift"; sourceTree = "<group>"; };
		B9F73EAA8FC84C7FBC9B6EFC /* IngestLogSheet.swift */ = {isa = PBXFileReference; lastKnownFileType = sourcecode.swift; name = "IngestLogSheet.swift"; path = "MoneyCity/Views/Modals/IngestLogSheet.swift"; sourceTree = "<group>"; };
		4506C5854DAA474895EC66DF /* QuickAddSheet.swift */ = {isa = PBXFileReference; lastKnownFileType = sourcecode.swift; name = "QuickAddSheet.swift"; path = "MoneyCity/Views/Modals/QuickAddSheet.swift"; sourceTree = "<group>"; };
		9C457A950FEA43FE9BDE6DDE /* RecurringExpensesSheet.swift */ = {isa = PBXFileReference; lastKnownFileType = sourcecode.swift; name = "RecurringExpensesSheet.swift"; path = "MoneyCity/Views/Modals/RecurringExpensesSheet.swift"; sourceTree = "<group>"; };
		E1398726A2404E1394BE8D5E /* SavingsGoalsSheet.swift */ = {isa = PBXFileReference; lastKnownFileType = sourcecode.swift; name = "SavingsGoalsSheet.swift"; path = "MoneyCity/Views/Modals/SavingsGoalsSheet.swift"; sourceTree = "<group>"; };
		8BD3B3563690464196C51289 /* TransactionFeedSheet.swift */ = {isa = PBXFileReference; lastKnownFileType = sourcecode.swift; name = "TransactionFeedSheet.swift"; path = "MoneyCity/Views/Modals/TransactionFeedSheet.swift"; sourceTree = "<group>"; };
		1E99B9CC5FD64B138A043FE7 /* DioramaReadyWrapper.swift */ = {isa = PBXFileReference; lastKnownFileType = sourcecode.swift; name = "DioramaReadyWrapper.swift"; path = "MoneyCity/Views/Diorama/DioramaReadyWrapper.swift"; sourceTree = "<group>"; };
		C377BADFCA5445489379346E /* DioramaSkeletonView.swift */ = {isa = PBXFileReference; lastKnownFileType = sourcecode.swift; name = "DioramaSkeletonView.swift"; path = "MoneyCity/Views/Diorama/DioramaSkeletonView.swift"; sourceTree = "<group>"; };
		9EE998FD745D477BAD6EDE46 /* ThreeDioramaView.swift */ = {isa = PBXFileReference; lastKnownFileType = sourcecode.swift; name = "ThreeDioramaView.swift"; path = "MoneyCity/Views/Diorama/ThreeDioramaView.swift"; sourceTree = "<group>"; };
		75BABBAF5A974CA89065B00A /* CityIcon.swift */ = {isa = PBXFileReference; lastKnownFileType = sourcecode.swift; name = "CityIcon.swift"; path = "MoneyCity/Views/Components/CityIcon.swift"; sourceTree = "<group>"; };
		143E7E9CD14A4BFEA131C3C7 /* FloatingBottomBar.swift */ = {isa = PBXFileReference; lastKnownFileType = sourcecode.swift; name = "FloatingBottomBar.swift"; path = "MoneyCity/Views/Components/FloatingBottomBar.swift"; sourceTree = "<group>"; };
		551D6C1EC6204D4C95DC29DD /* ShimmerLoading.swift */ = {isa = PBXFileReference; lastKnownFileType = sourcecode.swift; name = "ShimmerLoading.swift"; path = "MoneyCity/Views/Components/ShimmerLoading.swift"; sourceTree = "<group>"; };
		56CA2949DCE04CCEAE4765D8 /* OnboardingWizardView.swift */ = {isa = PBXFileReference; lastKnownFileType = sourcecode.swift; name = "OnboardingWizardView.swift"; path = "MoneyCity/Views/Onboarding/OnboardingWizardView.swift"; sourceTree = "<group>"; };
		46A2EB8CE6AD40978E82147F /* BudgetService.swift */ = {isa = PBXFileReference; lastKnownFileType = sourcecode.swift; name = "BudgetService.swift"; path = "MoneyCity/Services/BudgetService.swift"; sourceTree = "<group>"; };
		E01E4CFDC2734DAEBC758606 /* CategorizationEngine.swift */ = {isa = PBXFileReference; lastKnownFileType = sourcecode.swift; name = "CategorizationEngine.swift"; path = "MoneyCity/Services/CategorizationEngine.swift"; sourceTree = "<group>"; };
		643183E26889438EA2B6BF6D /* CityProgressEngine.swift */ = {isa = PBXFileReference; lastKnownFileType = sourcecode.swift; name = "CityProgressEngine.swift"; path = "MoneyCity/Services/CityProgressEngine.swift"; sourceTree = "<group>"; };
		B0D2DD965DB34B42BDBEC41D /* CitySimulationEngine.swift */ = {isa = PBXFileReference; lastKnownFileType = sourcecode.swift; name = "CitySimulationEngine.swift"; path = "MoneyCity/Services/CitySimulationEngine.swift"; sourceTree = "<group>"; };
		574D50B5FACC49899565A953 /* DatabaseService.swift */ = {isa = PBXFileReference; lastKnownFileType = sourcecode.swift; name = "DatabaseService.swift"; path = "MoneyCity/Services/DatabaseService.swift"; sourceTree = "<group>"; };
		DC730A81E1B24B618BC8AFC6 /* FXService.swift */ = {isa = PBXFileReference; lastKnownFileType = sourcecode.swift; name = "FXService.swift"; path = "MoneyCity/Services/FXService.swift"; sourceTree = "<group>"; };
		3F2E55BFBBA9479CBFE794D7 /* Haptics.swift */ = {isa = PBXFileReference; lastKnownFileType = sourcecode.swift; name = "Haptics.swift"; path = "MoneyCity/Services/Haptics.swift"; sourceTree = "<group>"; };
		1C594B0C7DD74B68A2F443B7 /* InstallmentService.swift */ = {isa = PBXFileReference; lastKnownFileType = sourcecode.swift; name = "InstallmentService.swift"; path = "MoneyCity/Services/InstallmentService.swift"; sourceTree = "<group>"; };
		DA0F2BACCAB940E3B7D8E1C0 /* MerchantRuleService.swift */ = {isa = PBXFileReference; lastKnownFileType = sourcecode.swift; name = "MerchantRuleService.swift"; path = "MoneyCity/Services/MerchantRuleService.swift"; sourceTree = "<group>"; };
		72D56A22E44441628AE29B22 /* NotificationService.swift */ = {isa = PBXFileReference; lastKnownFileType = sourcecode.swift; name = "NotificationService.swift"; path = "MoneyCity/Services/NotificationService.swift"; sourceTree = "<group>"; };
		4ED6F8D861D54017BE73FADE /* ReceiptOCRService.swift */ = {isa = PBXFileReference; lastKnownFileType = sourcecode.swift; name = "ReceiptOCRService.swift"; path = "MoneyCity/Services/ReceiptOCRService.swift"; sourceTree = "<group>"; };
		3941022426E2470BAFD2F7ED /* RecurringExpenseService.swift */ = {isa = PBXFileReference; lastKnownFileType = sourcecode.swift; name = "RecurringExpenseService.swift"; path = "MoneyCity/Services/RecurringExpenseService.swift"; sourceTree = "<group>"; };
		12226EE9CAE94AA5AA85C8ED /* SavingsGoalService.swift */ = {isa = PBXFileReference; lastKnownFileType = sourcecode.swift; name = "SavingsGoalService.swift"; path = "MoneyCity/Services/SavingsGoalService.swift"; sourceTree = "<group>"; };
		F6677F89E1484F90BF7424CB /* TransactionIngest.swift */ = {isa = PBXFileReference; lastKnownFileType = sourcecode.swift; name = "TransactionIngest.swift"; path = "MoneyCity/Services/TransactionIngest.swift"; sourceTree = "<group>"; };
		25504398E7BD43088F1BD613 /* WalletIngestCoordinator.swift */ = {isa = PBXFileReference; lastKnownFileType = sourcecode.swift; name = "WalletIngestCoordinator.swift"; path = "MoneyCity/Services/WalletIngestCoordinator.swift"; sourceTree = "<group>"; };
		8739467A81D04C7097BCFC42 /* diorama.html */ = {isa = PBXFileReference; lastKnownFileType = text.html; name = "diorama.html"; path = "MoneyCity/Resources/diorama.html"; sourceTree = "<group>"; };
		C79372E0FCC1412C9989507E /* Assets.xcassets */ = {isa = PBXFileReference; lastKnownFileType = wrapper.asset-catalog; name = "Assets.xcassets"; path = "MoneyCity/Resources/Assets.xcassets"; sourceTree = "<group>"; };
		3EB32098293848B78F54438C /* PrivacyInfo.xcprivacy */ = {isa = PBXFileReference; lastKnownFileType = text.xml; name = "PrivacyInfo.xcprivacy"; path = "MoneyCity/Resources/PrivacyInfo.xcprivacy"; sourceTree = "<group>"; };
/* End PBXFileReference section */

/* Begin PBXFrameworksBuildPhase section */
		FBC44AC210B94B68B8B61FC8 /* Frameworks */ = {
			isa = PBXFrameworksBuildPhase;
			buildActionMask = 2147483647;
			files = (
			);
			runOnlyForDeploymentPostprocessing = 0;
		};
/* End PBXFrameworksBuildPhase section */

/* Begin PBXGroup section */
		BD3356B656BA4F8B8AC6D066 = {
			isa = PBXGroup;
			children = (
				A4F0DC26710746D280565201 /* Products */,
				1B035F9367E4484ABB654A72 /* MoneyCityApp.swift */,
				DE68F1A0C2FE4EA8BF4980CE /* MoneyCityWidgets.swift */,
				C0F20513F86645CD91E2349C /* BuildingTile.swift */,
				0A68F33ED8B846649E0CD6AC /* CategoryBudget.swift */,
				B98C19A9EEFC4EC4B205604B /* CityEnrichment.swift */,
				9383C913A2F2442BA762AA43 /* CitySlot.swift */,
				D286E85D58BF4E0EA2BF5021 /* IncomeSource.swift */,
				B4FF742DCAD242079328BD6F /* IngestLogEntry.swift */,
				0F821D7D83D24398AFF8564E /* InstallmentPlan.swift */,
				554CC912559C4B71992EC0F8 /* LocalizationManager.swift */,
				5310DC964EF44B919D05D6CD /* MerchantRule.swift */,
				531C7B069AB146AD85FF0167 /* MonthlyCity.swift */,
				A0EA1328AAB74737BBB985C3 /* RecurringExpense.swift */,
				D44349450F41419EA08D31AF /* SavingsGoal.swift */,
				FD1413446838470ABEC4ABDC /* SpendingCategory.swift */,
				567B28C8A5644988B31F1A65 /* Theme.swift */,
				F70C2ACE8E7E4F6DA9388DF1 /* Transaction.swift */,
				F99BD5DE0A5742F88358F681 /* LogWalletPaymentIntent.swift */,
				51D8A30086824749B9CC298C /* MoneyCityShortcuts.swift */,
				4530B85CD6A64C209DBEF87C /* RecordTransactionIntent.swift */,
				DFCF934995AF4EC68C0DF34B /* ScanReceiptIntent.swift */,
				E5FE4EFB56EE47668C254DC0 /* AnalyticsView.swift */,
				B4DE7B6A169C4DEF99B0110C /* HistoryView.swift */,
				8BC8521898204118AAD0A216 /* MainCityView.swift */,
				9AF197010B024116802CC1A5 /* ProfileView.swift */,
				073929F9618E47A18CEC7798 /* BudgetSheet.swift */,
				8F9381EF731C41C487EE73E9 /* CityProgressSheet.swift */,
				9AB7389F65A1459EAB6859CB /* CitySlotCustomizerSheet.swift */,
				8102FBC05D464BE29C92B218 /* EditTransactionSheet.swift */,
				B9F73EAA8FC84C7FBC9B6EFC /* IngestLogSheet.swift */,
				4506C5854DAA474895EC66DF /* QuickAddSheet.swift */,
				9C457A950FEA43FE9BDE6DDE /* RecurringExpensesSheet.swift */,
				E1398726A2404E1394BE8D5E /* SavingsGoalsSheet.swift */,
				8BD3B3563690464196C51289 /* TransactionFeedSheet.swift */,
				1E99B9CC5FD64B138A043FE7 /* DioramaReadyWrapper.swift */,
				C377BADFCA5445489379346E /* DioramaSkeletonView.swift */,
				9EE998FD745D477BAD6EDE46 /* ThreeDioramaView.swift */,
				75BABBAF5A974CA89065B00A /* CityIcon.swift */,
				143E7E9CD14A4BFEA131C3C7 /* FloatingBottomBar.swift */,
				551D6C1EC6204D4C95DC29DD /* ShimmerLoading.swift */,
				56CA2949DCE04CCEAE4765D8 /* OnboardingWizardView.swift */,
				46A2EB8CE6AD40978E82147F /* BudgetService.swift */,
				E01E4CFDC2734DAEBC758606 /* CategorizationEngine.swift */,
				643183E26889438EA2B6BF6D /* CityProgressEngine.swift */,
				B0D2DD965DB34B42BDBEC41D /* CitySimulationEngine.swift */,
				574D50B5FACC49899565A953 /* DatabaseService.swift */,
				DC730A81E1B24B618BC8AFC6 /* FXService.swift */,
				3F2E55BFBBA9479CBFE794D7 /* Haptics.swift */,
				1C594B0C7DD74B68A2F443B7 /* InstallmentService.swift */,
				DA0F2BACCAB940E3B7D8E1C0 /* MerchantRuleService.swift */,
				72D56A22E44441628AE29B22 /* NotificationService.swift */,
				4ED6F8D861D54017BE73FADE /* ReceiptOCRService.swift */,
				3941022426E2470BAFD2F7ED /* RecurringExpenseService.swift */,
				12226EE9CAE94AA5AA85C8ED /* SavingsGoalService.swift */,
				F6677F89E1484F90BF7424CB /* TransactionIngest.swift */,
				25504398E7BD43088F1BD613 /* WalletIngestCoordinator.swift */,
				8739467A81D04C7097BCFC42 /* diorama.html */,
				C79372E0FCC1412C9989507E /* Assets.xcassets */,
				3EB32098293848B78F54438C /* PrivacyInfo.xcprivacy */,
			);
			sourceTree = "<group>";
		};
		A4F0DC26710746D280565201 /* Products */ = {
			isa = PBXGroup;
			children = (
				BB0DC616007343C8BF52566D /* MoneyCity.app */,
			);
			name = Products;
			sourceTree = "<group>";
		};
/* End PBXGroup section */

/* Begin PBXNativeTarget section */
		69585F3C67884E1383AB4068 /* MoneyCity */ = {
			isa = PBXNativeTarget;
			buildConfigurationList = A3F5CC143D144A8594090711 /* Build configuration list for PBXNativeTarget "MoneyCity" */;
			buildPhases = (
				B7051C0DDDD34BFD809ABB9D /* Sources */,
				FBC44AC210B94B68B8B61FC8 /* Frameworks */,
				C8A09B5440884FDBB1F7FDA6 /* Resources */,
			);
			buildRules = (
			);
			dependencies = (
			);
			name = MoneyCity;
			productName = MoneyCity;
			productReference = BB0DC616007343C8BF52566D /* MoneyCity.app */;
			productType = "com.apple.product-type.application";
		};
/* End PBXNativeTarget section */

/* Begin PBXProject section */
		9AC238BE5BFB4B0AADB682DA /* Project object */ = {
			isa = PBXProject;
			attributes = {
				BuildIndependentTargetsInParallel = 1;
				ENABLE_USER_SCRIPT_SANDBOXING = YES;
				LastSwiftUpdateCheck = 1600;
				LastUpgradeCheck = 1600;
				TargetAttributes = {
					69585F3C67884E1383AB4068 = {
						CreatedOnToolsVersion = 16.0;
					};
				};
			};
			buildConfigurationList = B35A10A5EB2141E6AC669498 /* Build configuration list for PBXProject "MoneyCity" */;
			compatibilityVersion = "Xcode 14.0";
			developmentRegion = en;
			hasScannedForEncodings = 0;
			knownRegions = (
				en,
				Base,
			);
			mainGroup = BD3356B656BA4F8B8AC6D066;
			productRefGroup = A4F0DC26710746D280565201 /* Products */;
			projectDirPath = "";
			projectRoot = "";
			targets = (
				69585F3C67884E1383AB4068 /* MoneyCity */,
			);
		};
/* End PBXProject section */

/* Begin PBXResourcesBuildPhase section */
		C8A09B5440884FDBB1F7FDA6 /* Resources */ = {
			isa = PBXResourcesBuildPhase;
			buildActionMask = 2147483647;
			files = (
				E6D62883B902491B9EC2E47D /* Resources */,
				632D64E0A71D44A4976F78BB /* Resources */,
				AD84DD88F8784C4C8E1D5320 /* Resources */,
			);
			runOnlyForDeploymentPostprocessing = 0;
		};
/* End PBXResourcesBuildPhase section */

/* Begin PBXSourcesBuildPhase section */
		B7051C0DDDD34BFD809ABB9D /* Sources */ = {
			isa = PBXSourcesBuildPhase;
			buildActionMask = 2147483647;
			files = (
				F11EC5385F8F4D8D954C6428 /* Sources */,
				BB6D2CDE3ECD47C3B26EFF1D /* Sources */,
				506E1FAF19F44DBDAEC68135 /* Sources */,
				2BFDEE394E3F4CAE9A5BAB99 /* Sources */,
				A5F9334DC3F04C21B46126F2 /* Sources */,
				97E9E7054B344A45B265CB35 /* Sources */,
				23C52ED1D2704CFEA93D15B5 /* Sources */,
				F3F8776718DA4934A7CF78DB /* Sources */,
				A39EFA3A2F0B4F6598DAD2E1 /* Sources */,
				41DF6AAF13BA48CABFF6DFA1 /* Sources */,
				E50FF7F3476340C6BFF688A2 /* Sources */,
				ECE0CCE2F0E14743B5CA7024 /* Sources */,
				0BF2AEFAE3EE4822AF1A09D9 /* Sources */,
				E5533A0347C642C883E38DA1 /* Sources */,
				6BE3E5E48F8F4E5880D7D833 /* Sources */,
				10B1DEE05918446AB09937A8 /* Sources */,
				46D70F1CFDCE40AFBE3A3FC2 /* Sources */,
				9166C938EFAC45E19E1D8DB6 /* Sources */,
				C2FF3008E21C477F9C1724D4 /* Sources */,
				23198AEFA850486284A85D1B /* Sources */,
				A1B54A8ACA1C4135AE7A5218 /* Sources */,
				9A7AFF6DA30A4A87BE0A1A8E /* Sources */,
				1C7290D2CC0C4292AAE50E1A /* Sources */,
				A281E0CA2032452AB2A3F8C7 /* Sources */,
				0BF313B467084713BEBEB380 /* Sources */,
				C142A05E16704B6784D71A1E /* Sources */,
				2951E6DA74014F1C8F2686B8 /* Sources */,
				97C66810F20F4A9A9AF5F9A4 /* Sources */,
				983747F29C444D39BCF2A359 /* Sources */,
				4BF004F18708446190700684 /* Sources */,
				5AA775566D044F359AAFCBBA /* Sources */,
				47B6C8A028224550BA135AEF /* Sources */,
				2EBBCADCC6F3456A942626C7 /* Sources */,
				CF3B3A30E8C4497E919FCFE6 /* Sources */,
				DE1F5F8B7A9147C0A30D7D7B /* Sources */,
				FFA92EBAB27C48C0920FE3E4 /* Sources */,
				073D92A4C35B4550A6036AE5 /* Sources */,
				8B736FE06C2D4338AE19A932 /* Sources */,
				F821BCEEA88846D3ACBE46B7 /* Sources */,
				0B204CE8AA4A48828E413064 /* Sources */,
				6264B1D3DC3D434587C92238 /* Sources */,
				5F69550056904739955D62FB /* Sources */,
				6D4B6C7A05B842198D87F984 /* Sources */,
				D640CED8A4054A71843F5E9D /* Sources */,
				DEAD42D89B074A8A84105B45 /* Sources */,
				62E8E8E48B0640A292CA918B /* Sources */,
				E57B9F05871446488079A3B1 /* Sources */,
				6325CB2C55EB444CB5362862 /* Sources */,
				04A4C533E29241B89D32A013 /* Sources */,
				78C61479E013417B9C79CDC7 /* Sources */,
				9720EA9C44D049B0A380DE6B /* Sources */,
				F3C5B91A5787432E942805AD /* Sources */,
				C1DCBD63D9ED45CD83434879 /* Sources */,
				4D8EA9C4F8A4417BBEAE9156 /* Sources */,
				2566F5D1BF4F4908A6709CFE /* Sources */,
				FF620BDD4AF749CF86819C9D /* Sources */,
			);
			runOnlyForDeploymentPostprocessing = 0;
		};
/* End PBXSourcesBuildPhase section */

/* Begin XCBuildConfiguration section */
		71782F3520884955B0C53793 /* Debug */ = {
			isa = XCBuildConfiguration;
			buildSettings = {
				ALWAYS_SEARCH_USER_PATHS = NO;
				CLANG_ANALYZER_NONNULL = YES;
				CLANG_ENABLE_MODULES = YES;
				CLANG_ENABLE_OBJC_ARC = YES;
				COPY_PHASE_STRIP = NO;
				DEBUG_INFORMATION_FORMAT = dwarf;
				ENABLE_STRICT_OBJC_MSGSEND = YES;
				ENABLE_TESTABILITY = YES;
				GCC_DYNAMIC_NO_PIC = NO;
				GCC_NO_COMMON_BLOCKS = YES;
				GCC_OPTIMIZATION_LEVEL = 0;
				GCC_PREPROCESSOR_DEFINITIONS = (
					"DEBUG=1",
					"$(inherited)",
				);
				GCC_WARN_64_TO_32_BIT_CONVERSION = YES;
				GCC_WARN_ABOUT_RETURN_TYPE = YES_ERROR;
				GCC_WARN_UNDEFINED_VARIABLES = YES;
				GCC_WARN_UNINITIALIZED_AUTOS = YES_AGGRESSIVE;
				IPHONEOS_DEPLOYMENT_TARGET = 17.0;
				MTL_ENABLE_DEBUG_INFO = INCLUDE_SOURCE;
				MTL_FAST_MATH = YES;
				ONLY_ACTIVE_ARCH = YES;
				SDKROOT = iphoneos;
				SWIFT_ACTIVE_COMPILATION_CONDITIONS = "DEBUG $(inherited)";
				SWIFT_OPTIMIZATION_LEVEL = "-Onone";
				SWIFT_VERSION = 5.0;
			};
			name = Debug;
		};
		7BD4AA3DB92E4E4087EAAE22 /* Release */ = {
			isa = XCBuildConfiguration;
			buildSettings = {
				ALWAYS_SEARCH_USER_PATHS = NO;
				CLANG_ANALYZER_NONNULL = YES;
				CLANG_ENABLE_MODULES = YES;
				CLANG_ENABLE_OBJC_ARC = YES;
				COPY_PHASE_STRIP = NO;
				DEBUG_INFORMATION_FORMAT = "dwarf-with-dsym";
				ENABLE_NS_ASSERTIONS = NO;
				ENABLE_STRICT_OBJC_MSGSEND = YES;
				GCC_NO_COMMON_BLOCKS = YES;
				GCC_WARN_64_TO_32_BIT_CONVERSION = YES;
				GCC_WARN_ABOUT_RETURN_TYPE = YES_ERROR;
				GCC_WARN_UNDEFINED_VARIABLES = YES;
				GCC_WARN_UNINITIALIZED_AUTOS = YES_AGGRESSIVE;
				IPHONEOS_DEPLOYMENT_TARGET = 17.0;
				MTL_ENABLE_DEBUG_INFO = NO;
				MTL_FAST_MATH = YES;
				SDKROOT = iphoneos;
				SWIFT_COMPILATION_MODE = wholemodule;
				SWIFT_OPTIMIZATION_LEVEL = "-O";
				SWIFT_VERSION = 5.0;
				VALIDATE_PRODUCT = YES;
			};
			name = Release;
		};
		2454F963D2FC4A74A13A1F0F /* Debug */ = {
			isa = XCBuildConfiguration;
			buildSettings = {
				ASSETCATALOG_COMPILER_APPICON_NAME = AppIcon;
				ASSETCATALOG_COMPILER_GLOBAL_ACCENT_COLOR_NAME = AccentColor;
				CODE_SIGN_STYLE = Automatic;
				CODE_SIGN_IDENTITY = "Apple Development";
				CURRENT_PROJECT_VERSION = 1;
				ENABLE_PREVIEWS = YES;
				ENABLE_DEBUG_DYLIB = YES;
				GENERATE_INFOPLIST_FILE = YES;
				INFOPLIST_KEY_CFBundleDisplayName = "SPENT";
				INFOPLIST_KEY_LSRequiresIPhoneOS = YES;
				INFOPLIST_KEY_UILaunchScreen_Generation = YES;
				INFOPLIST_KEY_UISupportedInterfaceOrientations = UIInterfaceOrientationPortrait;
				INFOPLIST_KEY_CFBundleURLTypes = ( { CFBundleURLName = "com.moneycity.app"; CFBundleURLSchemes = ( spentapp, moneycity ); } );
				IPHONEOS_DEPLOYMENT_TARGET = 17.0;
				LD_RUNPATH_SEARCH_PATHS = (
					"$(inherited)",
					"@executable_path/Frameworks",
				);
				MARKETING_VERSION = 1.0;
				PRODUCT_BUNDLE_IDENTIFIER = "com.moneycity.app";
				PRODUCT_NAME = "$(TARGET_NAME)";
				SWIFT_EMIT_LOC_STRINGS = YES;
				SWIFT_VERSION = 5.0;
				TARGETED_DEVICE_FAMILY = "1";
			};
			name = Debug;
		};
		174A330B733845F5B9E771ED /* Release */ = {
			isa = XCBuildConfiguration;
			buildSettings = {
				ASSETCATALOG_COMPILER_APPICON_NAME = AppIcon;
				ASSETCATALOG_COMPILER_GLOBAL_ACCENT_COLOR_NAME = AccentColor;
				CODE_SIGN_STYLE = Automatic;
				CODE_SIGN_IDENTITY = "Apple Development";
				CURRENT_PROJECT_VERSION = 1;
				ENABLE_PREVIEWS = YES;
				ENABLE_DEBUG_DYLIB = YES;
				GENERATE_INFOPLIST_FILE = YES;
				INFOPLIST_KEY_CFBundleDisplayName = "SPENT";
				INFOPLIST_KEY_LSRequiresIPhoneOS = YES;
				INFOPLIST_KEY_UILaunchScreen_Generation = YES;
				INFOPLIST_KEY_UISupportedInterfaceOrientations = UIInterfaceOrientationPortrait;
				INFOPLIST_KEY_CFBundleURLTypes = ( { CFBundleURLName = "com.moneycity.app"; CFBundleURLSchemes = ( spentapp, moneycity ); } );
				IPHONEOS_DEPLOYMENT_TARGET = 17.0;
				LD_RUNPATH_SEARCH_PATHS = (
					"$(inherited)",
					"@executable_path/Frameworks",
				);
				MARKETING_VERSION = 1.0;
				PRODUCT_BUNDLE_IDENTIFIER = "com.moneycity.app";
				PRODUCT_NAME = "$(TARGET_NAME)";
				SWIFT_EMIT_LOC_STRINGS = YES;
				SWIFT_VERSION = 5.0;
				TARGETED_DEVICE_FAMILY = "1";
			};
			name = Release;
		};
/* End XCBuildConfiguration section */

/* Begin XCConfigurationList section */
		B35A10A5EB2141E6AC669498 /* Build configuration list for PBXProject "MoneyCity" */ = {
			isa = XCConfigurationList;
			buildConfigurations = (
				71782F3520884955B0C53793 /* Debug */,
				7BD4AA3DB92E4E4087EAAE22 /* Release */,
			);
			defaultConfigurationIsVisible = 0;
			defaultConfigurationName = Release;
		};
		A3F5CC143D144A8594090711 /* Build configuration list for PBXNativeTarget "MoneyCity" */ = {
			isa = XCConfigurationList;
			buildConfigurations = (
				2454F963D2FC4A74A13A1F0F /* Debug */,
				174A330B733845F5B9E771ED /* Release */,
			);
			defaultConfigurationIsVisible = 0;
			defaultConfigurationName = Release;
		};
/* End XCConfigurationList section */
	};
	rootObject = 9AC238BE5BFB4B0AADB682DA /* Project object */;
}
